
Microsoft Visual Studio Solution File, Format Version 12.00
# Visual Studio Version 16
VisualStudioVersion = 16.0.31624.102
MinimumVisualStudioVersion = 10.0.40219.1
Project("{FAE04EC0-301F-11D3-BF4B-00C04F79EFBC}") = "CovidInfectadosOficial", "CovidInfectadosOficial\CovidInfectadosOficial.csproj", "{F84FC627-9B09-443B-B672-E8A6BCD4A9F4}"
EndProject
Global
	GlobalSection(SolutionConfigurationPlatforms) = preSolution
		Debug|Any CPU = Debug|Any CPU
		Release|Any CPU = Release|Any CPU
	EndGlobalSection
	GlobalSection(ProjectConfigurationPlatforms) = postSolution
		{F84FC627-9B09-443B-B672-E8A6BCD4A9F4}.Debug|Any CPU.ActiveCfg = Debug|Any CPU
		{F84FC627-9B09-443B-B672-E8A6BCD4A9F4}.Debug|Any CPU.Build.0 = Debug|Any CPU
		{F84FC627-9B09-443B-B672-E8A6BCD4A9F4}.Release|Any CPU.ActiveCfg = Release|Any CPU
		{F84FC627-9B09-443B-B672-E8A6BCD4A9F4}.Release|Any CPU.Build.0 = Release|Any CPU
	EndGlobalSection
	GlobalSection(SolutionProperties) = preSolution
		HideSolutionNode = FALSE
	EndGlobalSection
	GlobalSection(ExtensibilityGlobals) = postSolution
		SolutionGuid = {0B7EF79F-EC9A-4796-BCF9-8AF21406152C}
	EndGlobalSection
EndGlobal
